
Microsoft Visual Studio Solution File, Format Version 12.00
# Visual Studio 2015
Project("{FAE04EC0-301F-11D3-BF4B-00C04F79EFBC}") = "Farm.CSharp", "Farm.CSharp.csproj", "{43A371E6-0F59-5660-90D5-507BC1773D6A}"
EndProject
Project("{FAE04EC0-301F-11D3-BF4B-00C04F79EFBC}") = "Farm.CSharp.Editor", "Farm.CSharp.Editor.csproj", "{BE93B156-ACD3-012A-A231-CA1F1D26B032}"
EndProject
Global
	GlobalSection(SolutionConfigurationPlatforms) = preSolution
		Debug|Any CPU = Debug|Any CPU
		Release|Any CPU = Release|Any CPU
	EndGlobalSection
	GlobalSection(ProjectConfigurationPlatforms) = postSolution
		{43A371E6-0F59-5660-90D5-507BC1773D6A}.Debug|Any CPU.ActiveCfg = Debug|Any CPU
		{43A371E6-0F59-5660-90D5-507BC1773D6A}.Debug|Any CPU.Build.0 = Debug|Any CPU
		{43A371E6-0F59-5660-90D5-507BC1773D6A}.Release|Any CPU.ActiveCfg = Release|Any CPU
		{43A371E6-0F59-5660-90D5-507BC1773D6A}.Release|Any CPU.Build.0 = Release|Any CPU
		{BE93B156-ACD3-012A-A231-CA1F1D26B032}.Debug|Any CPU.ActiveCfg = Debug|Any CPU
		{BE93B156-ACD3-012A-A231-CA1F1D26B032}.Debug|Any CPU.Build.0 = Debug|Any CPU
		{BE93B156-ACD3-012A-A231-CA1F1D26B032}.Release|Any CPU.ActiveCfg = Release|Any CPU
		{BE93B156-ACD3-012A-A231-CA1F1D26B032}.Release|Any CPU.Build.0 = Release|Any CPU
	EndGlobalSection
	GlobalSection(SolutionProperties) = preSolution
		HideSolutionNode = FALSE
	EndGlobalSection
EndGlobal
